
Microsoft Visual Studio Solution File, Format Version 12.00
# Visual Studio Version 16
VisualStudioVersion = 16.0.29230.47
MinimumVisualStudioVersion = 10.0.40219.1
Project("{8BC9CEB8-8B4A-11D0-8D11-00A0C91BC942}") = "TextAdventureDemo", "..\project\VisualStudio\TextAdventureDemo\TextAdventureDemo.vcxproj", "{08B06608-E833-4141-BF95-6970CC3E622E}"
EndProject
Project("{8BC9CEB8-8B4A-11D0-8D11-00A0C91BC942}") = "TextAdventure", "..\project\VisualStudio\TextAdventure\TextAdventure.vcxproj", "{A5F1E5E5-BDF1-4A64-9076-753FCD97E8E7}"
EndProject
Global
	GlobalSection(SolutionConfigurationPlatforms) = preSolution
		Debug|x64 = Debug|x64
		Debug|x86 = Debug|x86
		Release|x64 = Release|x64
		Release|x86 = Release|x86
	EndGlobalSection
	GlobalSection(ProjectConfigurationPlatforms) = postSolution
		{08B06608-E833-4141-BF95-6970CC3E622E}.Debug|x64.ActiveCfg = Debug|x64
		{08B06608-E833-4141-BF95-6970CC3E622E}.Debug|x64.Build.0 = Debug|x64
		{08B06608-E833-4141-BF95-6970CC3E622E}.Debug|x86.ActiveCfg = Debug|Win32
		{08B06608-E833-4141-BF95-6970CC3E622E}.Debug|x86.Build.0 = Debug|Win32
		{08B06608-E833-4141-BF95-6970CC3E622E}.Release|x64.ActiveCfg = Release|x64
		{08B06608-E833-4141-BF95-6970CC3E622E}.Release|x64.Build.0 = Release|x64
		{08B06608-E833-4141-BF95-6970CC3E622E}.Release|x86.ActiveCfg = Release|Win32
		{08B06608-E833-4141-BF95-6970CC3E622E}.Release|x86.Build.0 = Release|Win32
		{A5F1E5E5-BDF1-4A64-9076-753FCD97E8E7}.Debug|x64.ActiveCfg = Debug|x64
		{A5F1E5E5-BDF1-4A64-9076-753FCD97E8E7}.Debug|x64.Build.0 = Debug|x64
		{A5F1E5E5-BDF1-4A64-9076-753FCD97E8E7}.Debug|x86.ActiveCfg = Debug|Win32
		{A5F1E5E5-BDF1-4A64-9076-753FCD97E8E7}.Debug|x86.Build.0 = Debug|Win32
		{A5F1E5E5-BDF1-4A64-9076-753FCD97E8E7}.Release|x64.ActiveCfg = Release|x64
		{A5F1E5E5-BDF1-4A64-9076-753FCD97E8E7}.Release|x64.Build.0 = Release|x64
		{A5F1E5E5-BDF1-4A64-9076-753FCD97E8E7}.Release|x86.ActiveCfg = Release|Win32
		{A5F1E5E5-BDF1-4A64-9076-753FCD97E8E7}.Release|x86.Build.0 = Release|Win32
	EndGlobalSection
	GlobalSection(SolutionProperties) = preSolution
		HideSolutionNode = FALSE
	EndGlobalSection
	GlobalSection(ExtensibilityGlobals) = postSolution
		SolutionGuid = {E2316137-5CC4-4498-9695-D0C65B48F962}
	EndGlobalSection
EndGlobal
